<?xml version="1.0" encoding="UTF-8"?>
<Scheme
   version = "1.3">
   <BuildAction>
      <BuildActionEntries>
         <BuildActionEntry
            buildForRunning = "YES">
            <BuildableReference
               BuildableIdentifier = "primary"
               BlueprintIdentifier = "842A679C21EADDA200EB7E2E"
               BuildableName = "Unix-Like File System"
               BlueprintName = "Unix-Like File System"
               ReferencedContainer = "container:Unix-Like File System.xcodeproj">
            </BuildableReference>
         </BuildActionEntry>
      </BuildActionEntries>
   </BuildAction>
   <LaunchAction
      useCustomWorkingDirectory = "NO"
      buildConfiguration = "Debug"
      allowLocationSimulation = "YES">
      <BuildableProductRunnable>
         <BuildableReference
            BuildableIdentifier = "primary"
            BlueprintIdentifier = "842A679C21EADDA200EB7E2E"
            BuildableName = "Unix-Like File System"
            BlueprintName = "Unix-Like File System"
            ReferencedContainer = "container:Unix-Like File System.xcodeproj">
         </BuildableReference>
      </BuildableProductRunnable>
   </LaunchAction>
</Scheme>
